{
    "name": "run-poller",
    "version": "1.0.0",
    "lockfileVersion": 1,
    "requires": true,
    "dependencies": {
        "iconv-lite": {
            "version": "0.2.11",
            "resolved": "https://na.artifactory.swg-devops.com:443/artifactory/api/npm/wcp-wdp-npm-virtual/iconv-lite/-/iconv-lite-0.2.11.tgz",
            "integrity": "sha1-HOYKOleGSiktEyH/RgnKS7llrcg="
        },
        "qs": {
            "version": "1.2.0",
            "resolved": "https://na.artifactory.swg-devops.com:443/artifactory/api/npm/wcp-wdp-npm-virtual/qs/-/qs-1.2.0.tgz",
            "integrity": "sha1-7Qeb4oaCFH5v2aNMwrDB4OxkU+4="
        },
        "restler": {
            "version": "3.4.0",
            "resolved": "https://na.artifactory.swg-devops.com:443/artifactory/api/npm/wcp-wdp-npm-virtual/restler/-/restler-3.4.0.tgz",
            "integrity": "sha1-dB7As9FrlJ/uooE9DDxoUp6IjZs=",
            "requires": {
                "iconv-lite": "0.2.11",
                "qs": "1.2.0",
                "xml2js": "0.4.0",
                "yaml": "0.2.3"
            }
        },
        "sax": {
            "version": "0.5.8",
            "resolved": "https://na.artifactory.swg-devops.com:443/artifactory/api/npm/wcp-wdp-npm-virtual/sax/-/sax-0.5.8.tgz",
            "integrity": "sha1-1HLbIo6zMcJQaw6MFVJK25OdEsE="
        },
        "xml2js": {
            "version": "0.4.0",
            "resolved": "https://na.artifactory.swg-devops.com:443/artifactory/api/npm/wcp-wdp-npm-virtual/xml2js/-/xml2js-0.4.0.tgz",
            "integrity": "sha1-Ek/EEUtBKcgQgA7LKshs8lRiy5o=",
            "requires": {
                "sax": "0.5.8",
                "xmlbuilder": "9.0.7"
            }
        },
        "xmlbuilder": {
            "version": "9.0.7",
            "resolved": "https://na.artifactory.swg-devops.com:443/artifactory/api/npm/wcp-wdp-npm-virtual/xmlbuilder/-/xmlbuilder-9.0.7.tgz",
            "integrity": "sha1-Ey7mPS7FVlxVfiD0wi35rKaGsQ0="
        },
        "yaml": {
            "version": "0.2.3",
            "resolved": "https://na.artifactory.swg-devops.com:443/artifactory/api/npm/wcp-wdp-npm-virtual/yaml/-/yaml-0.2.3.tgz",
            "integrity": "sha1-tUUOkudu82td0k42YAkeuu7z5cc="
        }
    }
}
